
Microsoft Visual Studio Solution File, Format Version 12.00
# Visual Studio 15
VisualStudioVersion = 15.0.27428.1
MinimumVisualStudioVersion = 10.0.40219.1
Project("{FAE04EC0-301F-11D3-BF4B-00C04F79EFBC}") = "CorsoEnaip2018_ChessExercise", "CorsoEnaip2018_ChessExercise\CorsoEnaip2018_ChessExercise.csproj", "{58D0CB33-948D-4AB3-93A7-8AEDD032EE89}"
EndProject
Global
	GlobalSection(SolutionConfigurationPlatforms) = preSolution
		Debug|Any CPU = Debug|Any CPU
		Release|Any CPU = Release|Any CPU
	EndGlobalSection
	GlobalSection(ProjectConfigurationPlatforms) = postSolution
		{58D0CB33-948D-4AB3-93A7-8AEDD032EE89}.Debug|Any CPU.ActiveCfg = Debug|Any CPU
		{58D0CB33-948D-4AB3-93A7-8AEDD032EE89}.Debug|Any CPU.Build.0 = Debug|Any CPU
		{58D0CB33-948D-4AB3-93A7-8AEDD032EE89}.Release|Any CPU.ActiveCfg = Release|Any CPU
		{58D0CB33-948D-4AB3-93A7-8AEDD032EE89}.Release|Any CPU.Build.0 = Release|Any CPU
	EndGlobalSection
	GlobalSection(SolutionProperties) = preSolution
		HideSolutionNode = FALSE
	EndGlobalSection
	GlobalSection(ExtensibilityGlobals) = postSolution
		SolutionGuid = {462ECA4F-850E-4740-B77C-1CF496BCE0E1}
	EndGlobalSection
EndGlobal
